// !$*UTF8*$!
{
	archiveVersion = 1;
	classes = {
	};
	objectVersion = 55;
	objects = {

/* Begin PBXBuildFile section */
		66F5C78E1DD349FC79F72810 /* Pods_EntertainmentApp.framework in Frameworks */ = {isa = PBXBuildFile; fileRef = B5EDD92D90BD92B49E3C5831 /* Pods_EntertainmentApp.framework */; };
		EF5535C92882152F009FC44F /* CategoryTableVCell.swift in Sources */ = {isa = PBXBuildFile; fileRef = EF5535C72882152F009FC44F /* CategoryTableVCell.swift */; };
		EF5535CA2882152F009FC44F /* CategoryTableVCell.xib in Resources */ = {isa = PBXBuildFile; fileRef = EF5535C82882152F009FC44F /* CategoryTableVCell.xib */; };
		EF5535CD288219A2009FC44F /* MovieCollectionVCell.swift in Sources */ = {isa = PBXBuildFile; fileRef = EF5535CB288219A2009FC44F /* MovieCollectionVCell.swift */; };
		EF5535CE288219A2009FC44F /* MovieCollectionVCell.xib in Resources */ = {isa = PBXBuildFile; fileRef = EF5535CC288219A2009FC44F /* MovieCollectionVCell.xib */; };
		EF5A913A282B2E5800F7C3C0 /* Localizable.strings in Resources */ = {isa = PBXBuildFile; fileRef = EF5A913C282B2E5800F7C3C0 /* Localizable.strings */; };
		EF5A913F282B366100F7C3C0 /* MoviesMain.storyboard in Resources */ = {isa = PBXBuildFile; fileRef = EF5A9141282B366100F7C3C0 /* MoviesMain.storyboard */; };
		EF5D10D2282BA426001A4B3D /* trailerModel.swift in Sources */ = {isa = PBXBuildFile; fileRef = EF5D10D1282BA426001A4B3D /* trailerModel.swift */; };
		EF5D10D5282BA989001A4B3D /* TrailerVC.swift in Sources */ = {isa = PBXBuildFile; fileRef = EF5D10D4282BA989001A4B3D /* TrailerVC.swift */; };
		EFA5BBD4282A7A180071EC15 /* AppDelegate.swift in Sources */ = {isa = PBXBuildFile; fileRef = EFA5BBD3282A7A180071EC15 /* AppDelegate.swift */; };
		EFA5BBD6282A7A180071EC15 /* SceneDelegate.swift in Sources */ = {isa = PBXBuildFile; fileRef = EFA5BBD5282A7A180071EC15 /* SceneDelegate.swift */; };
		EFA5BBDE282A7A180071EC15 /* MovieCoreData.xcdatamodeld in Sources */ = {isa = PBXBuildFile; fileRef = EFA5BBDC282A7A180071EC15 /* MovieCoreData.xcdatamodeld */; };
		EFA5BBE0282A7A1B0071EC15 /* Assets.xcassets in Resources */ = {isa = PBXBuildFile; fileRef = EFA5BBDF282A7A1B0071EC15 /* Assets.xcassets */; };
		EFA5BBE3282A7A1B0071EC15 /* LaunchScreen.storyboard in Resources */ = {isa = PBXBuildFile; fileRef = EFA5BBE1282A7A1B0071EC15 /* LaunchScreen.storyboard */; };
		EFF66D53282A887700984481 /* Constants.swift in Sources */ = {isa = PBXBuildFile; fileRef = EFF66D4B282A887700984481 /* Constants.swift */; };
		EFF66D54282A887700984481 /* UIcoloExt.swift in Sources */ = {isa = PBXBuildFile; fileRef = EFF66D4D282A887700984481 /* UIcoloExt.swift */; };
		EFF66D56282A887700984481 /* handleSettingsVCS.swift in Sources */ = {isa = PBXBuildFile; fileRef = EFF66D4F282A887700984481 /* handleSettingsVCS.swift */; };
		EFF66D57282A887700984481 /* handleNavTitle.swift in Sources */ = {isa = PBXBuildFile; fileRef = EFF66D50282A887700984481 /* handleNavTitle.swift */; };
		EFF66D58282A887700984481 /* localizeStringsEXT.swift in Sources */ = {isa = PBXBuildFile; fileRef = EFF66D51282A887700984481 /* localizeStringsEXT.swift */; };
		EFF66D5E282A888800984481 /* moviesModel.swift in Sources */ = {isa = PBXBuildFile; fileRef = EFF66D5B282A888800984481 /* moviesModel.swift */; };
		EFF66D5F282A888800984481 /* MovieApiService.swift in Sources */ = {isa = PBXBuildFile; fileRef = EFF66D5C282A888800984481 /* MovieApiService.swift */; };
		EFF66D60282A888800984481 /* Coder.swift in Sources */ = {isa = PBXBuildFile; fileRef = EFF66D5D282A888800984481 /* Coder.swift */; };
		EFF66D71282A88EC00984481 /* CoreDataModel.swift in Sources */ = {isa = PBXBuildFile; fileRef = EFF66D63282A88EC00984481 /* CoreDataModel.swift */; };
		EFF66D72282A88EC00984481 /* FavouritesCViewCell.swift in Sources */ = {isa = PBXBuildFile; fileRef = EFF66D64282A88EC00984481 /* FavouritesCViewCell.swift */; };
		EFF66D73282A88EC00984481 /* DetailsVC.swift in Sources */ = {isa = PBXBuildFile; fileRef = EFF66D65282A88EC00984481 /* DetailsVC.swift */; };
		EFF66D74282A88EC00984481 /* SettingsTViewCell.swift in Sources */ = {isa = PBXBuildFile; fileRef = EFF66D66282A88EC00984481 /* SettingsTViewCell.swift */; };
		EFF66D75282A88EC00984481 /* SettingsTViewCell.xib in Resources */ = {isa = PBXBuildFile; fileRef = EFF66D67282A88EC00984481 /* SettingsTViewCell.xib */; };
		EFF66D76282A88EC00984481 /* MovieSettingsVC.swift in Sources */ = {isa = PBXBuildFile; fileRef = EFF66D68282A88EC00984481 /* MovieSettingsVC.swift */; };
		EFF66D77282A88EC00984481 /* FavouritesVC.swift in Sources */ = {isa = PBXBuildFile; fileRef = EFF66D69282A88EC00984481 /* FavouritesVC.swift */; };
		EFF66D79282A88EC00984481 /* MainMoviesVC.swift in Sources */ = {isa = PBXBuildFile; fileRef = EFF66D6B282A88EC00984481 /* MainMoviesVC.swift */; };
		EFF66D7A282A88EC00984481 /* FavouritesCViewCell.xib in Resources */ = {isa = PBXBuildFile; fileRef = EFF66D6C282A88EC00984481 /* FavouritesCViewCell.xib */; };
		EFF66D7C282A88EC00984481 /* SheetVController.swift in Sources */ = {isa = PBXBuildFile; fileRef = EFF66D6E282A88EC00984481 /* SheetVController.swift */; };
/* End PBXBuildFile section */

/* Begin PBXFileReference section */
		5E1C2A2E1C86F10094CE77C3 /* Pods-EntertainmentApp.debug.xcconfig */ = {isa = PBXFileReference; includeInIndex = 1; lastKnownFileType = text.xcconfig; name = "Pods-EntertainmentApp.debug.xcconfig"; path = "Target Support Files/Pods-EntertainmentApp/Pods-EntertainmentApp.debug.xcconfig"; sourceTree = "<group>"; };
		9B01E6A31A4FD0ADD08C26D3 /* Pods-EntertainmentApp.release.xcconfig */ = {isa = PBXFileReference; includeInIndex = 1; lastKnownFileType = text.xcconfig; name = "Pods-EntertainmentApp.release.xcconfig"; path = "Target Support Files/Pods-EntertainmentApp/Pods-EntertainmentApp.release.xcconfig"; sourceTree = "<group>"; };
		B5EDD92D90BD92B49E3C5831 /* Pods_EntertainmentApp.framework */ = {isa = PBXFileReference; explicitFileType = wrapper.framework; includeInIndex = 0; path = Pods_EntertainmentApp.framework; sourceTree = BUILT_PRODUCTS_DIR; };
		EF5535C72882152F009FC44F /* CategoryTableVCell.swift */ = {isa = PBXFileReference; lastKnownFileType = sourcecode.swift; path = CategoryTableVCell.swift; sourceTree = "<group>"; };
		EF5535C82882152F009FC44F /* CategoryTableVCell.xib */ = {isa = PBXFileReference; lastKnownFileType = file.xib; path = CategoryTableVCell.xib; sourceTree = "<group>"; };
		EF5535CB288219A2009FC44F /* MovieCollectionVCell.swift */ = {isa = PBXFileReference; lastKnownFileType = sourcecode.swift; path = MovieCollectionVCell.swift; sourceTree = "<group>"; };
		EF5535CC288219A2009FC44F /* MovieCollectionVCell.xib */ = {isa = PBXFileReference; lastKnownFileType = file.xib; path = MovieCollectionVCell.xib; sourceTree = "<group>"; };
		EF5A913B282B2E5800F7C3C0 /* en */ = {isa = PBXFileReference; lastKnownFileType = text.plist.strings; name = en; path = en.lproj/Localizable.strings; sourceTree = "<group>"; };
		EF5A913D282B2E9400F7C3C0 /* ar */ = {isa = PBXFileReference; lastKnownFileType = text.plist.strings; name = ar; path = ar.lproj/LaunchScreen.strings; sourceTree = "<group>"; };
		EF5A913E282B2E9400F7C3C0 /* ar */ = {isa = PBXFileReference; lastKnownFileType = text.plist.strings; name = ar; path = ar.lproj/Localizable.strings; sourceTree = "<group>"; };
		EF5A9140282B366100F7C3C0 /* en */ = {isa = PBXFileReference; lastKnownFileType = file.storyboard; name = en; path = en.lproj/MoviesMain.storyboard; sourceTree = "<group>"; };
		EF5A9143282B366500F7C3C0 /* ar */ = {isa = PBXFileReference; lastKnownFileType = text.plist.strings; name = ar; path = ar.lproj/MoviesMain.strings; sourceTree = "<group>"; };
		EF5D10D1282BA426001A4B3D /* trailerModel.swift */ = {isa = PBXFileReference; lastKnownFileType = sourcecode.swift; path = trailerModel.swift; sourceTree = "<group>"; };
		EF5D10D4282BA989001A4B3D /* TrailerVC.swift */ = {isa = PBXFileReference; lastKnownFileType = sourcecode.swift; path = TrailerVC.swift; sourceTree = "<group>"; };
		EFA5BBD0282A7A180071EC15 /* EntertainmentApp.app */ = {isa = PBXFileReference; explicitFileType = wrapper.application; includeInIndex = 0; path = EntertainmentApp.app; sourceTree = BUILT_PRODUCTS_DIR; };
		EFA5BBD3282A7A180071EC15 /* AppDelegate.swift */ = {isa = PBXFileReference; lastKnownFileType = sourcecode.swift; path = AppDelegate.swift; sourceTree = "<group>"; };
		EFA5BBD5282A7A180071EC15 /* SceneDelegate.swift */ = {isa = PBXFileReference; lastKnownFileType = sourcecode.swift; path = SceneDelegate.swift; sourceTree = "<group>"; };
		EFA5BBDD282A7A180071EC15 /* EntertainmentApp.xcdatamodel */ = {isa = PBXFileReference; lastKnownFileType = wrapper.xcdatamodel; path = EntertainmentApp.xcdatamodel; sourceTree = "<group>"; };
		EFA5BBDF282A7A1B0071EC15 /* Assets.xcassets */ = {isa = PBXFileReference; lastKnownFileType = folder.assetcatalog; path = Assets.xcassets; sourceTree = "<group>"; };
		EFA5BBE2282A7A1B0071EC15 /* Base */ = {isa = PBXFileReference; lastKnownFileType = file.storyboard; name = Base; path = Base.lproj/LaunchScreen.storyboard; sourceTree = "<group>"; };
		EFA5BBE4282A7A1B0071EC15 /* Info.plist */ = {isa = PBXFileReference; lastKnownFileType = text.plist.xml; path = Info.plist; sourceTree = "<group>"; };
		EFF66D4B282A887700984481 /* Constants.swift */ = {isa = PBXFileReference; fileEncoding = 4; lastKnownFileType = sourcecode.swift; path = Constants.swift; sourceTree = "<group>"; };
		EFF66D4D282A887700984481 /* UIcoloExt.swift */ = {isa = PBXFileReference; fileEncoding = 4; lastKnownFileType = sourcecode.swift; path = UIcoloExt.swift; sourceTree = "<group>"; };
		EFF66D4F282A887700984481 /* handleSettingsVCS.swift */ = {isa = PBXFileReference; fileEncoding = 4; lastKnownFileType = sourcecode.swift; path = handleSettingsVCS.swift; sourceTree = "<group>"; };
		EFF66D50282A887700984481 /* handleNavTitle.swift */ = {isa = PBXFileReference; fileEncoding = 4; lastKnownFileType = sourcecode.swift; path = handleNavTitle.swift; sourceTree = "<group>"; };
		EFF66D51282A887700984481 /* localizeStringsEXT.swift */ = {isa = PBXFileReference; fileEncoding = 4; lastKnownFileType = sourcecode.swift; path = localizeStringsEXT.swift; sourceTree = "<group>"; };
		EFF66D5B282A888800984481 /* moviesModel.swift */ = {isa = PBXFileReference; fileEncoding = 4; lastKnownFileType = sourcecode.swift; path = moviesModel.swift; sourceTree = "<group>"; };
		EFF66D5C282A888800984481 /* MovieApiService.swift */ = {isa = PBXFileReference; fileEncoding = 4; lastKnownFileType = sourcecode.swift; path = MovieApiService.swift; sourceTree = "<group>"; };
		EFF66D5D282A888800984481 /* Coder.swift */ = {isa = PBXFileReference; fileEncoding = 4; lastKnownFileType = sourcecode.swift; path = Coder.swift; sourceTree = "<group>"; };
		EFF66D63282A88EC00984481 /* CoreDataModel.swift */ = {isa = PBXFileReference; fileEncoding = 4; lastKnownFileType = sourcecode.swift; path = CoreDataModel.swift; sourceTree = "<group>"; };
		EFF66D64282A88EC00984481 /* FavouritesCViewCell.swift */ = {isa = PBXFileReference; fileEncoding = 4; lastKnownFileType = sourcecode.swift; path = FavouritesCViewCell.swift; sourceTree = "<group>"; };
		EFF66D65282A88EC00984481 /* DetailsVC.swift */ = {isa = PBXFileReference; fileEncoding = 4; lastKnownFileType = sourcecode.swift; path = DetailsVC.swift; sourceTree = "<group>"; };
		EFF66D66282A88EC00984481 /* SettingsTViewCell.swift */ = {isa = PBXFileReference; fileEncoding = 4; lastKnownFileType = sourcecode.swift; path = SettingsTViewCell.swift; sourceTree = "<group>"; };
		EFF66D67282A88EC00984481 /* SettingsTViewCell.xib */ = {isa = PBXFileReference; fileEncoding = 4; lastKnownFileType = file.xib; path = SettingsTViewCell.xib; sourceTree = "<group>"; };
		EFF66D68282A88EC00984481 /* MovieSettingsVC.swift */ = {isa = PBXFileReference; fileEncoding = 4; lastKnownFileType = sourcecode.swift; path = MovieSettingsVC.swift; sourceTree = "<group>"; };
		EFF66D69282A88EC00984481 /* FavouritesVC.swift */ = {isa = PBXFileReference; fileEncoding = 4; lastKnownFileType = sourcecode.swift; path = FavouritesVC.swift; sourceTree = "<group>"; };
		EFF66D6B282A88EC00984481 /* MainMoviesVC.swift */ = {isa = PBXFileReference; fileEncoding = 4; lastKnownFileType = sourcecode.swift; path = MainMoviesVC.swift; sourceTree = "<group>"; };
		EFF66D6C282A88EC00984481 /* FavouritesCViewCell.xib */ = {isa = PBXFileReference; fileEncoding = 4; lastKnownFileType = file.xib; path = FavouritesCViewCell.xib; sourceTree = "<group>"; };
		EFF66D6E282A88EC00984481 /* SheetVController.swift */ = {isa = PBXFileReference; fileEncoding = 4; lastKnownFileType = sourcecode.swift; path = SheetVController.swift; sourceTree = "<group>"; };
/* End PBXFileReference section */

/* Begin PBXFrameworksBuildPhase section */
		EFA5BBCD282A7A180071EC15 /* Frameworks */ = {
			isa = PBXFrameworksBuildPhase;
			buildActionMask = 2147483647;
			files = (
				66F5C78E1DD349FC79F72810 /* Pods_EntertainmentApp.framework in Frameworks */,
			);
			runOnlyForDeploymentPostprocessing = 0;
		};
/* End PBXFrameworksBuildPhase section */

/* Begin PBXGroup section */
		BE1F6D377C9B5D8EA77E27B0 /* Pods */ = {
			isa = PBXGroup;
			children = (
				5E1C2A2E1C86F10094CE77C3 /* Pods-EntertainmentApp.debug.xcconfig */,
				9B01E6A31A4FD0ADD08C26D3 /* Pods-EntertainmentApp.release.xcconfig */,
			);
			path = Pods;
			sourceTree = "<group>";
		};
		D4DF5C268E514747A0D292B4 /* Frameworks */ = {
			isa = PBXGroup;
			children = (
				B5EDD92D90BD92B49E3C5831 /* Pods_EntertainmentApp.framework */,
			);
			name = Frameworks;
			sourceTree = "<group>";
		};
		EF5535C62882119A009FC44F /* MovieDetails */ = {
			isa = PBXGroup;
			children = (
				EFF66D65282A88EC00984481 /* DetailsVC.swift */,
			);
			path = MovieDetails;
			sourceTree = "<group>";
		};
		EF5A9135282B2AA500F7C3C0 /* favourite */ = {
			isa = PBXGroup;
			children = (
				EFF66D69282A88EC00984481 /* FavouritesVC.swift */,
				EFF66D6C282A88EC00984481 /* FavouritesCViewCell.xib */,
				EFF66D64282A88EC00984481 /* FavouritesCViewCell.swift */,
			);
			path = favourite;
			sourceTree = "<group>";
		};
		EF5A9136282B2B0D00F7C3C0 /* settings */ = {
			isa = PBXGroup;
			children = (
				EFF66D68282A88EC00984481 /* MovieSettingsVC.swift */,
				EFF66D6E282A88EC00984481 /* SheetVController.swift */,
				EFF66D67282A88EC00984481 /* SettingsTViewCell.xib */,
				EFF66D66282A88EC00984481 /* SettingsTViewCell.swift */,
			);
			path = settings;
			sourceTree = "<group>";
		};
		EF5D10D3282BA96B001A4B3D /* trailer */ = {
			isa = PBXGroup;
			children = (
				EF5D10D4282BA989001A4B3D /* TrailerVC.swift */,
			);
			path = trailer;
			sourceTree = "<group>";
		};
		EF90185C28818D3D00F55867 /* Models */ = {
			isa = PBXGroup;
			children = (
				EF5D10D1282BA426001A4B3D /* trailerModel.swift */,
				EFF66D5B282A888800984481 /* moviesModel.swift */,
			);
			path = Models;
			sourceTree = "<group>";
		};
		EF90185D28818DEB00F55867 /* Scenes */ = {
			isa = PBXGroup;
			children = (
				EFF66D62282A88EC00984481 /* mainpagemoviesapp */,
				EF5535C62882119A009FC44F /* MovieDetails */,
				EF5D10D3282BA96B001A4B3D /* trailer */,
				EF5A9136282B2B0D00F7C3C0 /* settings */,
				EF5A9135282B2AA500F7C3C0 /* favourite */,
			);
			path = Scenes;
			sourceTree = "<group>";
		};
		EFA5BBC7282A7A180071EC15 = {
			isa = PBXGroup;
			children = (
				EFA5BBD2282A7A180071EC15 /* EntertainmentApp */,
				EFA5BBD1282A7A180071EC15 /* Products */,
				BE1F6D377C9B5D8EA77E27B0 /* Pods */,
				D4DF5C268E514747A0D292B4 /* Frameworks */,
			);
			sourceTree = "<group>";
		};
		EFA5BBD1282A7A180071EC15 /* Products */ = {
			isa = PBXGroup;
			children = (
				EFA5BBD0282A7A180071EC15 /* EntertainmentApp.app */,
			);
			name = Products;
			sourceTree = "<group>";
		};
		EFA5BBD2282A7A180071EC15 /* EntertainmentApp */ = {
			isa = PBXGroup;
			children = (
				EFF66D4B282A887700984481 /* Constants.swift */,
				EFF66D4A282A887700984481 /* helper */,
				EFF66D48282A87B800984481 /* others */,
				EF5A913C282B2E5800F7C3C0 /* Localizable.strings */,
				EF5A9141282B366100F7C3C0 /* MoviesMain.storyboard */,
				EF90185C28818D3D00F55867 /* Models */,
				EF90185D28818DEB00F55867 /* Scenes */,
				EFF66D5A282A888800984481 /*  APIService */,
				EFF66D63282A88EC00984481 /* CoreDataModel.swift */,
				EFA5BBE4282A7A1B0071EC15 /* Info.plist */,
				EFA5BBDC282A7A180071EC15 /* MovieCoreData.xcdatamodeld */,
			);
			path = EntertainmentApp;
			sourceTree = "<group>";
		};
		EFF66D48282A87B800984481 /* others */ = {
			isa = PBXGroup;
			children = (
				EFA5BBDF282A7A1B0071EC15 /* Assets.xcassets */,
				EFA5BBE1282A7A1B0071EC15 /* LaunchScreen.storyboard */,
				EFA5BBD5282A7A180071EC15 /* SceneDelegate.swift */,
				EFA5BBD3282A7A180071EC15 /* AppDelegate.swift */,
			);
			path = others;
			sourceTree = "<group>";
		};
		EFF66D4A282A887700984481 /* helper */ = {
			isa = PBXGroup;
			children = (
				EFF66D4C282A887700984481 /* extentions */,
			);
			path = helper;
			sourceTree = "<group>";
		};
		EFF66D4C282A887700984481 /* extentions */ = {
			isa = PBXGroup;
			children = (
				EFF66D4D282A887700984481 /* UIcoloExt.swift */,
				EFF66D4F282A887700984481 /* handleSettingsVCS.swift */,
				EFF66D50282A887700984481 /* handleNavTitle.swift */,
				EFF66D51282A887700984481 /* localizeStringsEXT.swift */,
			);
			path = extentions;
			sourceTree = "<group>";
		};
		EFF66D5A282A888800984481 /*  APIService */ = {
			isa = PBXGroup;
			children = (
				EFF66D5C282A888800984481 /* MovieApiService.swift */,
				EFF66D5D282A888800984481 /* Coder.swift */,
			);
			path = " APIService";
			sourceTree = "<group>";
		};
		EFF66D62282A88EC00984481 /* mainpagemoviesapp */ = {
			isa = PBXGroup;
			children = (
				EFF66D6B282A88EC00984481 /* MainMoviesVC.swift */,
				EF5535C72882152F009FC44F /* CategoryTableVCell.swift */,
				EF5535C82882152F009FC44F /* CategoryTableVCell.xib */,
				EF5535CB288219A2009FC44F /* MovieCollectionVCell.swift */,
				EF5535CC288219A2009FC44F /* MovieCollectionVCell.xib */,
			);
			path = mainpagemoviesapp;
			sourceTree = "<group>";
		};
/* End PBXGroup section */

/* Begin PBXNativeTarget section */
		EFA5BBCF282A7A180071EC15 /* EntertainmentApp */ = {
			isa = PBXNativeTarget;
			buildConfigurationList = EFA5BBE7282A7A1B0071EC15 /* Build configuration list for PBXNativeTarget "EntertainmentApp" */;
			buildPhases = (
				97DD1C315C641FE73DF7F3B3 /* [CP] Check Pods Manifest.lock */,
				EFA5BBCC282A7A180071EC15 /* Sources */,
				EFA5BBCD282A7A180071EC15 /* Frameworks */,
				EFA5BBCE282A7A180071EC15 /* Resources */,
				B15C75D5CAC889A7A0B26D5E /* [CP] Embed Pods Frameworks */,
			);
			buildRules = (
			);
			dependencies = (
			);
			name = EntertainmentApp;
			productName = EntertainmentApp;
			productReference = EFA5BBD0282A7A180071EC15 /* EntertainmentApp.app */;
			productType = "com.apple.product-type.application";
		};
/* End PBXNativeTarget section */

/* Begin PBXProject section */
		EFA5BBC8282A7A180071EC15 /* Project object */ = {
			isa = PBXProject;
			attributes = {
				BuildIndependentTargetsInParallel = 1;
				LastSwiftUpdateCheck = 1300;
				LastUpgradeCheck = 1300;
				TargetAttributes = {
					EFA5BBCF282A7A180071EC15 = {
						CreatedOnToolsVersion = 13.0;
					};
				};
			};
			buildConfigurationList = EFA5BBCB282A7A180071EC15 /* Build configuration list for PBXProject "EntertainmentApp" */;
			compatibilityVersion = "Xcode 13.0";
			developmentRegion = en;
			hasScannedForEncodings = 0;
			knownRegions = (
				en,
				Base,
				ar,
			);
			mainGroup = EFA5BBC7282A7A180071EC15;
			packageReferences = (
			);
			productRefGroup = EFA5BBD1282A7A180071EC15 /* Products */;
			projectDirPath = "";
			projectRoot = "";
			targets = (
				EFA5BBCF282A7A180071EC15 /* EntertainmentApp */,
			);
		};
/* End PBXProject section */

/* Begin PBXResourcesBuildPhase section */
		EFA5BBCE282A7A180071EC15 /* Resources */ = {
			isa = PBXResourcesBuildPhase;
			buildActionMask = 2147483647;
			files = (
				EFA5BBE3282A7A1B0071EC15 /* LaunchScreen.storyboard in Resources */,
				EF5535CA2882152F009FC44F /* CategoryTableVCell.xib in Resources */,
				EF5A913A282B2E5800F7C3C0 /* Localizable.strings in Resources */,
				EF5535CE288219A2009FC44F /* MovieCollectionVCell.xib in Resources */,
				EFA5BBE0282A7A1B0071EC15 /* Assets.xcassets in Resources */,
				EF5A913F282B366100F7C3C0 /* MoviesMain.storyboard in Resources */,
				EFF66D7A282A88EC00984481 /* FavouritesCViewCell.xib in Resources */,
				EFF66D75282A88EC00984481 /* SettingsTViewCell.xib in Resources */,
			);
			runOnlyForDeploymentPostprocessing = 0;
		};
/* End PBXResourcesBuildPhase section */

/* Begin PBXShellScriptBuildPhase section */
		97DD1C315C641FE73DF7F3B3 /* [CP] Check Pods Manifest.lock */ = {
			isa = PBXShellScriptBuildPhase;
			buildActionMask = 2147483647;
			files = (
			);
			inputFileListPaths = (
			);
			inputPaths = (
				"${PODS_PODFILE_DIR_PATH}/Podfile.lock",
				"${PODS_ROOT}/Manifest.lock",
			);
			name = "[CP] Check Pods Manifest.lock";
			outputFileListPaths = (
			);
			outputPaths = (
				"$(DERIVED_FILE_DIR)/Pods-EntertainmentApp-checkManifestLockResult.txt",
			);
			runOnlyForDeploymentPostprocessing = 0;
			shellPath = /bin/sh;
			shellScript = "diff \"${PODS_PODFILE_DIR_PATH}/Podfile.lock\" \"${PODS_ROOT}/Manifest.lock\" > /dev/null\nif [ $? != 0 ] ; then\n    # print error to STDERR\n    echo \"error: The sandbox is not in sync with the Podfile.lock. Run 'pod install' or update your CocoaPods installation.\" >&2\n    exit 1\nfi\n# This output is used by Xcode 'outputs' to avoid re-running this script phase.\necho \"SUCCESS\" > \"${SCRIPT_OUTPUT_FILE_0}\"\n";
			showEnvVarsInLog = 0;
		};
		B15C75D5CAC889A7A0B26D5E /* [CP] Embed Pods Frameworks */ = {
			isa = PBXShellScriptBuildPhase;
			buildActionMask = 2147483647;
			files = (
			);
			inputFileListPaths = (
				"${PODS_ROOT}/Target Support Files/Pods-EntertainmentApp/Pods-EntertainmentApp-frameworks-${CONFIGURATION}-input-files.xcfilelist",
			);
			name = "[CP] Embed Pods Frameworks";
			outputFileListPaths = (
				"${PODS_ROOT}/Target Support Files/Pods-EntertainmentApp/Pods-EntertainmentApp-frameworks-${CONFIGURATION}-output-files.xcfilelist",
			);
			runOnlyForDeploymentPostprocessing = 0;
			shellPath = /bin/sh;
			shellScript = "\"${PODS_ROOT}/Target Support Files/Pods-EntertainmentApp/Pods-EntertainmentApp-frameworks.sh\"\n";
			showEnvVarsInLog = 0;
		};
/* End PBXShellScriptBuildPhase section */

/* Begin PBXSourcesBuildPhase section */
		EFA5BBCC282A7A180071EC15 /* Sources */ = {
			isa = PBXSourcesBuildPhase;
			buildActionMask = 2147483647;
			files = (
				EFF66D7C282A88EC00984481 /* SheetVController.swift in Sources */,
				EFF66D5E282A888800984481 /* moviesModel.swift in Sources */,
				EFF66D71282A88EC00984481 /* CoreDataModel.swift in Sources */,
				EFF66D76282A88EC00984481 /* MovieSettingsVC.swift in Sources */,
				EFF66D58282A887700984481 /* localizeStringsEXT.swift in Sources */,
				EFF66D77282A88EC00984481 /* FavouritesVC.swift in Sources */,
				EFF66D54282A887700984481 /* UIcoloExt.swift in Sources */,
				EF5D10D5282BA989001A4B3D /* TrailerVC.swift in Sources */,
				EFF66D53282A887700984481 /* Constants.swift in Sources */,
				EFF66D5F282A888800984481 /* MovieApiService.swift in Sources */,
				EFF66D60282A888800984481 /* Coder.swift in Sources */,
				EFF66D56282A887700984481 /* handleSettingsVCS.swift in Sources */,
				EFF66D72282A88EC00984481 /* FavouritesCViewCell.swift in Sources */,
				EFF66D79282A88EC00984481 /* MainMoviesVC.swift in Sources */,
				EF5535CD288219A2009FC44F /* MovieCollectionVCell.swift in Sources */,
				EF5D10D2282BA426001A4B3D /* trailerModel.swift in Sources */,
				EFA5BBDE282A7A180071EC15 /* MovieCoreData.xcdatamodeld in Sources */,
				EFF66D57282A887700984481 /* handleNavTitle.swift in Sources */,
				EFF66D73282A88EC00984481 /* DetailsVC.swift in Sources */,
				EFA5BBD4282A7A180071EC15 /* AppDelegate.swift in Sources */,
				EFF66D74282A88EC00984481 /* SettingsTViewCell.swift in Sources */,
				EFA5BBD6282A7A180071EC15 /* SceneDelegate.swift in Sources */,
				EF5535C92882152F009FC44F /* CategoryTableVCell.swift in Sources */,
			);
			runOnlyForDeploymentPostprocessing = 0;
		};
/* End PBXSourcesBuildPhase section */

/* Begin PBXVariantGroup section */
		EF5A913C282B2E5800F7C3C0 /* Localizable.strings */ = {
			isa = PBXVariantGroup;
			children = (
				EF5A913B282B2E5800F7C3C0 /* en */,
				EF5A913E282B2E9400F7C3C0 /* ar */,
			);
			name = Localizable.strings;
			sourceTree = "<group>";
		};
		EF5A9141282B366100F7C3C0 /* MoviesMain.storyboard */ = {
			isa = PBXVariantGroup;
			children = (
				EF5A9140282B366100F7C3C0 /* en */,
				EF5A9143282B366500F7C3C0 /* ar */,
			);
			name = MoviesMain.storyboard;
			sourceTree = "<group>";
		};
		EFA5BBE1282A7A1B0071EC15 /* LaunchScreen.storyboard */ = {
			isa = PBXVariantGroup;
			children = (
				EFA5BBE2282A7A1B0071EC15 /* Base */,
				EF5A913D282B2E9400F7C3C0 /* ar */,
			);
			name = LaunchScreen.storyboard;
			sourceTree = "<group>";
		};
/* End PBXVariantGroup section */

/* Begin XCBuildConfiguration section */
		EFA5BBE5282A7A1B0071EC15 /* Debug */ = {
			isa = XCBuildConfiguration;
			buildSettings = {
				ALWAYS_SEARCH_USER_PATHS = NO;
				CLANG_ANALYZER_LOCALIZABILITY_NONLOCALIZED = YES;
				CLANG_ANALYZER_NONNULL = YES;
				CLANG_ANALYZER_NUMBER_OBJECT_CONVERSION = YES_AGGRESSIVE;
				CLANG_CXX_LANGUAGE_STANDARD = "gnu++17";
				CLANG_CXX_LIBRARY = "libc++";
				CLANG_ENABLE_MODULES = YES;
				CLANG_ENABLE_OBJC_ARC = YES;
				CLANG_ENABLE_OBJC_WEAK = YES;
				CLANG_WARN_BLOCK_CAPTURE_AUTORELEASING = YES;
				CLANG_WARN_BOOL_CONVERSION = YES;
				CLANG_WARN_COMMA = YES;
				CLANG_WARN_CONSTANT_CONVERSION = YES;
				CLANG_WARN_DEPRECATED_OBJC_IMPLEMENTATIONS = YES;
				CLANG_WARN_DIRECT_OBJC_ISA_USAGE = YES_ERROR;
				CLANG_WARN_DOCUMENTATION_COMMENTS = YES;
				CLANG_WARN_EMPTY_BODY = YES;
				CLANG_WARN_ENUM_CONVERSION = YES;
				CLANG_WARN_INFINITE_RECURSION = YES;
				CLANG_WARN_INT_CONVERSION = YES;
				CLANG_WARN_NON_LITERAL_NULL_CONVERSION = YES;
				CLANG_WARN_OBJC_IMPLICIT_RETAIN_SELF = YES;
				CLANG_WARN_OBJC_LITERAL_CONVERSION = YES;
				CLANG_WARN_OBJC_ROOT_CLASS = YES_ERROR;
				CLANG_WARN_QUOTED_INCLUDE_IN_FRAMEWORK_HEADER = YES;
				CLANG_WARN_RANGE_LOOP_ANALYSIS = YES;
				CLANG_WARN_STRICT_PROTOTYPES = YES;
				CLANG_WARN_SUSPICIOUS_MOVE = YES;
				CLANG_WARN_UNGUARDED_AVAILABILITY = YES_AGGRESSIVE;
				CLANG_WARN_UNREACHABLE_CODE = YES;
				CLANG_WARN__DUPLICATE_METHOD_MATCH = YES;
				COPY_PHASE_STRIP = NO;
				DEBUG_INFORMATION_FORMAT = dwarf;
				ENABLE_STRICT_OBJC_MSGSEND = YES;
				ENABLE_TESTABILITY = YES;
				GCC_C_LANGUAGE_STANDARD = gnu11;
				GCC_DYNAMIC_NO_PIC = NO;
				GCC_NO_COMMON_BLOCKS = YES;
				GCC_OPTIMIZATION_LEVEL = 0;
				GCC_PREPROCESSOR_DEFINITIONS = (
					"DEBUG=1",
					"$(inherited)",
				);
				GCC_WARN_64_TO_32_BIT_CONVERSION = YES;
				GCC_WARN_ABOUT_RETURN_TYPE = YES_ERROR;
				GCC_WARN_UNDECLARED_SELECTOR = YES;
				GCC_WARN_UNINITIALIZED_AUTOS = YES_AGGRESSIVE;
				GCC_WARN_UNUSED_FUNCTION = YES;
				GCC_WARN_UNUSED_VARIABLE = YES;
				IPHONEOS_DEPLOYMENT_TARGET = 15.0;
				MTL_ENABLE_DEBUG_INFO = INCLUDE_SOURCE;
				MTL_FAST_MATH = YES;
				ONLY_ACTIVE_ARCH = YES;
				SDKROOT = iphoneos;
				SWIFT_ACTIVE_COMPILATION_CONDITIONS = DEBUG;
				SWIFT_OPTIMIZATION_LEVEL = "-Onone";
			};
			name = Debug;
		};
		EFA5BBE6282A7A1B0071EC15 /* Release */ = {
			isa = XCBuildConfiguration;
			buildSettings = {
				ALWAYS_SEARCH_USER_PATHS = NO;
				CLANG_ANALYZER_LOCALIZABILITY_NONLOCALIZED = YES;
				CLANG_ANALYZER_NONNULL = YES;
				CLANG_ANALYZER_NUMBER_OBJECT_CONVERSION = YES_AGGRESSIVE;
				CLANG_CXX_LANGUAGE_STANDARD = "gnu++17";
				CLANG_CXX_LIBRARY = "libc++";
				CLANG_ENABLE_MODULES = YES;
				CLANG_ENABLE_OBJC_ARC = YES;
				CLANG_ENABLE_OBJC_WEAK = YES;
				CLANG_WARN_BLOCK_CAPTURE_AUTORELEASING = YES;
				CLANG_WARN_BOOL_CONVERSION = YES;
				CLANG_WARN_COMMA = YES;
				CLANG_WARN_CONSTANT_CONVERSION = YES;
				CLANG_WARN_DEPRECATED_OBJC_IMPLEMENTATIONS = YES;
				CLANG_WARN_DIRECT_OBJC_ISA_USAGE = YES_ERROR;
				CLANG_WARN_DOCUMENTATION_COMMENTS = YES;
				CLANG_WARN_EMPTY_BODY = YES;
				CLANG_WARN_ENUM_CONVERSION = YES;
				CLANG_WARN_INFINITE_RECURSION = YES;
				CLANG_WARN_INT_CONVERSION = YES;
				CLANG_WARN_NON_LITERAL_NULL_CONVERSION = YES;
				CLANG_WARN_OBJC_IMPLICIT_RETAIN_SELF = YES;
				CLANG_WARN_OBJC_LITERAL_CONVERSION = YES;
				CLANG_WARN_OBJC_ROOT_CLASS = YES_ERROR;
				CLANG_WARN_QUOTED_INCLUDE_IN_FRAMEWORK_HEADER = YES;
				CLANG_WARN_RANGE_LOOP_ANALYSIS = YES;
				CLANG_WARN_STRICT_PROTOTYPES = YES;
				CLANG_WARN_SUSPICIOUS_MOVE = YES;
				CLANG_WARN_UNGUARDED_AVAILABILITY = YES_AGGRESSIVE;
				CLANG_WARN_UNREACHABLE_CODE = YES;
				CLANG_WARN__DUPLICATE_METHOD_MATCH = YES;
				COPY_PHASE_STRIP = NO;
				DEBUG_INFORMATION_FORMAT = "dwarf-with-dsym";
				ENABLE_NS_ASSERTIONS = NO;
				ENABLE_STRICT_OBJC_MSGSEND = YES;
				GCC_C_LANGUAGE_STANDARD = gnu11;
				GCC_NO_COMMON_BLOCKS = YES;
				GCC_WARN_64_TO_32_BIT_CONVERSION = YES;
				GCC_WARN_ABOUT_RETURN_TYPE = YES_ERROR;
				GCC_WARN_UNDECLARED_SELECTOR = YES;
				GCC_WARN_UNINITIALIZED_AUTOS = YES_AGGRESSIVE;
				GCC_WARN_UNUSED_FUNCTION = YES;
				GCC_WARN_UNUSED_VARIABLE = YES;
				IPHONEOS_DEPLOYMENT_TARGET = 15.0;
				MTL_ENABLE_DEBUG_INFO = NO;
				MTL_FAST_MATH = YES;
				SDKROOT = iphoneos;
				SWIFT_COMPILATION_MODE = wholemodule;
				SWIFT_OPTIMIZATION_LEVEL = "-O";
				VALIDATE_PRODUCT = YES;
			};
			name = Release;
		};
		EFA5BBE8282A7A1B0071EC15 /* Debug */ = {
			isa = XCBuildConfiguration;
			baseConfigurationReference = 5E1C2A2E1C86F10094CE77C3 /* Pods-EntertainmentApp.debug.xcconfig */;
			buildSettings = {
				ASSETCATALOG_COMPILER_APPICON_NAME = AppIcon;
				ASSETCATALOG_COMPILER_GLOBAL_ACCENT_COLOR_NAME = AccentColor;
				CODE_SIGN_STYLE = Automatic;
				CURRENT_PROJECT_VERSION = 1;
				DEVELOPMENT_TEAM = AJ7MW2XDAX;
				GENERATE_INFOPLIST_FILE = YES;
				INFOPLIST_FILE = EntertainmentApp/Info.plist;
				INFOPLIST_KEY_UIApplicationSupportsIndirectInputEvents = YES;
				INFOPLIST_KEY_UILaunchStoryboardName = LaunchScreen;
				INFOPLIST_KEY_UIMainStoryboardFile = Main;
				INFOPLIST_KEY_UISupportedInterfaceOrientations_iPad = "UIInterfaceOrientationPortrait UIInterfaceOrientationPortraitUpsideDown UIInterfaceOrientationLandscapeLeft UIInterfaceOrientationLandscapeRight";
				INFOPLIST_KEY_UISupportedInterfaceOrientations_iPhone = "UIInterfaceOrientationPortrait UIInterfaceOrientationLandscapeLeft UIInterfaceOrientationLandscapeRight";
				LD_RUNPATH_SEARCH_PATHS = (
					"$(inherited)",
					"@executable_path/Frameworks",
				);
				MARKETING_VERSION = 1.0;
				PRODUCT_BUNDLE_IDENTIFIER = justme.EntertainmentApp;
				PRODUCT_NAME = "$(TARGET_NAME)";
				SWIFT_EMIT_LOC_STRINGS = YES;
				SWIFT_VERSION = 5.0;
				TARGETED_DEVICE_FAMILY = "1,2";
			};
			name = Debug;
		};
		EFA5BBE9282A7A1B0071EC15 /* Release */ = {
			isa = XCBuildConfiguration;
			baseConfigurationReference = 9B01E6A31A4FD0ADD08C26D3 /* Pods-EntertainmentApp.release.xcconfig */;
			buildSettings = {
				ASSETCATALOG_COMPILER_APPICON_NAME = AppIcon;
				ASSETCATALOG_COMPILER_GLOBAL_ACCENT_COLOR_NAME = AccentColor;
				CODE_SIGN_STYLE = Automatic;
				CURRENT_PROJECT_VERSION = 1;
				DEVELOPMENT_TEAM = AJ7MW2XDAX;
				GENERATE_INFOPLIST_FILE = YES;
				INFOPLIST_FILE = EntertainmentApp/Info.plist;
				INFOPLIST_KEY_UIApplicationSupportsIndirectInputEvents = YES;
				INFOPLIST_KEY_UILaunchStoryboardName = LaunchScreen;
				INFOPLIST_KEY_UIMainStoryboardFile = Main;
				INFOPLIST_KEY_UISupportedInterfaceOrientations_iPad = "UIInterfaceOrientationPortrait UIInterfaceOrientationPortraitUpsideDown UIInterfaceOrientationLandscapeLeft UIInterfaceOrientationLandscapeRight";
				INFOPLIST_KEY_UISupportedInterfaceOrientations_iPhone = "UIInterfaceOrientationPortrait UIInterfaceOrientationLandscapeLeft UIInterfaceOrientationLandscapeRight";
				LD_RUNPATH_SEARCH_PATHS = (
					"$(inherited)",
					"@executable_path/Frameworks",
				);
				MARKETING_VERSION = 1.0;
				PRODUCT_BUNDLE_IDENTIFIER = justme.EntertainmentApp;
				PRODUCT_NAME = "$(TARGET_NAME)";
				SWIFT_EMIT_LOC_STRINGS = YES;
				SWIFT_VERSION = 5.0;
				TARGETED_DEVICE_FAMILY = "1,2";
			};
			name = Release;
		};
/* End XCBuildConfiguration section */

/* Begin XCConfigurationList section */
		EFA5BBCB282A7A180071EC15 /* Build configuration list for PBXProject "EntertainmentApp" */ = {
			isa = XCConfigurationList;
			buildConfigurations = (
				EFA5BBE5282A7A1B0071EC15 /* Debug */,
				EFA5BBE6282A7A1B0071EC15 /* Release */,
			);
			defaultConfigurationIsVisible = 0;
			defaultConfigurationName = Release;
		};
		EFA5BBE7282A7A1B0071EC15 /* Build configuration list for PBXNativeTarget "EntertainmentApp" */ = {
			isa = XCConfigurationList;
			buildConfigurations = (
				EFA5BBE8282A7A1B0071EC15 /* Debug */,
				EFA5BBE9282A7A1B0071EC15 /* Release */,
			);
			defaultConfigurationIsVisible = 0;
			defaultConfigurationName = Release;
		};
/* End XCConfigurationList section */

/* Begin XCVersionGroup section */
		EFA5BBDC282A7A180071EC15 /* MovieCoreData.xcdatamodeld */ = {
			isa = XCVersionGroup;
			children = (
				EFA5BBDD282A7A180071EC15 /* EntertainmentApp.xcdatamodel */,
			);
			currentVersion = EFA5BBDD282A7A180071EC15 /* EntertainmentApp.xcdatamodel */;
			path = MovieCoreData.xcdatamodeld;
			sourceTree = "<group>";
			versionGroupType = wrapper.xcdatamodel;
		};
/* End XCVersionGroup section */
	};
	rootObject = EFA5BBC8282A7A180071EC15 /* Project object */;
}
